
Microsoft Visual Studio Solution File, Format Version 12.00
# Visual Studio Version 17
VisualStudioVersion = 17.0.31903.59
MinimumVisualStudioVersion = 10.0.40219.1
Project("{FAE04EC0-301F-11D3-BF4B-00C04F79EFBC}") = "dheacon", "dheacon\dheacon.csproj", "{BB224FD5-2E63-4538-AB23-40DF17E1C5B3}"
EndProject
Global
	GlobalSection(SolutionConfigurationPlatforms) = preSolution
		Debug|Any CPU = Debug|Any CPU
		Debug|x64 = Debug|x64
		Debug|x86 = Debug|x86
		Release|Any CPU = Release|Any CPU
		Release|x64 = Release|x64
		Release|x86 = Release|x86
	EndGlobalSection
	GlobalSection(ProjectConfigurationPlatforms) = postSolution
		{BB224FD5-2E63-4538-AB23-40DF17E1C5B3}.Debug|Any CPU.ActiveCfg = Debug|x64
		{BB224FD5-2E63-4538-AB23-40DF17E1C5B3}.Debug|Any CPU.Build.0 = Debug|x64
		{BB224FD5-2E63-4538-AB23-40DF17E1C5B3}.Debug|x64.ActiveCfg = Debug|x64
		{BB224FD5-2E63-4538-AB23-40DF17E1C5B3}.Debug|x64.Build.0 = Debug|x64
		{BB224FD5-2E63-4538-AB23-40DF17E1C5B3}.Debug|x86.ActiveCfg = Debug|x64
		{BB224FD5-2E63-4538-AB23-40DF17E1C5B3}.Debug|x86.Build.0 = Debug|x64
		{BB224FD5-2E63-4538-AB23-40DF17E1C5B3}.Release|Any CPU.ActiveCfg = Release|x64
		{BB224FD5-2E63-4538-AB23-40DF17E1C5B3}.Release|Any CPU.Build.0 = Release|x64
		{BB224FD5-2E63-4538-AB23-40DF17E1C5B3}.Release|x64.ActiveCfg = Release|x64
		{BB224FD5-2E63-4538-AB23-40DF17E1C5B3}.Release|x64.Build.0 = Release|x64
		{BB224FD5-2E63-4538-AB23-40DF17E1C5B3}.Release|x86.ActiveCfg = Release|x64
		{BB224FD5-2E63-4538-AB23-40DF17E1C5B3}.Release|x86.Build.0 = Release|x64
	EndGlobalSection
	GlobalSection(SolutionProperties) = preSolution
		HideSolutionNode = FALSE
	EndGlobalSection
EndGlobal
